
Microsoft Visual Studio Solution File, Format Version 12.00
# Visual Studio Version 17
VisualStudioVersion = 17.14.36327.8
MinimumVisualStudioVersion = 10.0.40219.1
Project("{FAE04EC0-301F-11D3-BF4B-00C04F79EFBC}") = "ACCOUNT.API", "Sb_Account\ACCOUNT.API.csproj", "{B6D1E777-2FB2-4601-A2C3-9B25B31753C1}"
EndProject
Project("{FAE04EC0-301F-11D3-BF4B-00C04F79EFBC}") = "ACCOUNT.Application", "Application\ACCOUNT.Application.csproj", "{E790F52E-5BE2-43E4-B25F-FDCF8C1502FE}"
EndProject
Project("{FAE04EC0-301F-11D3-BF4B-00C04F79EFBC}") = "ACCOUNT.Domain", "ACCOUNT.Domain\ACCOUNT.Domain.csproj", "{7C0A8EEA-18AB-4FB3-8961-3B8C29D0BF55}"
EndProject
Project("{FAE04EC0-301F-11D3-BF4B-00C04F79EFBC}") = "ACCOUNT.Infrastructure", "ACCOUNT.Infrastructure\ACCOUNT.Infrastructure.csproj", "{AD01311E-46EF-4B6C-98B9-EAF2033179F3}"
EndProject
Project("{FAE04EC0-301F-11D3-BF4B-00C04F79EFBC}") = "BRANCHES.API", "BRANCHES.API\BRANCHES.API.csproj", "{4A6CF029-198C-4CCA-9B16-CFA3AAC9AED1}"
EndProject
Project("{FAE04EC0-301F-11D3-BF4B-00C04F79EFBC}") = "BRANCHES.Application", "BRANCHES.Application\BRANCHES.Application.csproj", "{715E99FD-CA10-4397-9670-1F2F4A3B514A}"
EndProject
Project("{FAE04EC0-301F-11D3-BF4B-00C04F79EFBC}") = "BRANCHES.Infrastructure", "BRANCHES.Infrastructure\BRANCHES.Infrastructure.csproj", "{2AC20D48-EA4C-40DA-817D-8ABEA9B938FE}"
EndProject
Project("{FAE04EC0-301F-11D3-BF4B-00C04F79EFBC}") = "BRANCHES.Domain", "BRANCHES.Domain\BRANCHES.Domain.csproj", "{F429FA15-E275-4355-BB77-6AFD6E316736}"
EndProject
Project("{FAE04EC0-301F-11D3-BF4B-00C04F79EFBC}") = "TRANSACTION.API", "TRANSACTION.API\TRANSACTION.API.csproj", "{7365A4E0-F2D5-43F2-84F3-B0328DC9AD7A}"
EndProject
Project("{FAE04EC0-301F-11D3-BF4B-00C04F79EFBC}") = "TRANSACTION.Application", "TRANSACTION.Application\TRANSACTION.Application.csproj", "{AA79D4BF-3B63-4A4F-A0D5-40CA554D4507}"
EndProject
Project("{FAE04EC0-301F-11D3-BF4B-00C04F79EFBC}") = "TRANSACTION.Domain", "TRANSACTION.Domain\TRANSACTION.Domain.csproj", "{3B58C1B1-55BF-40E7-8954-09086F4CF2F5}"
EndProject
Project("{FAE04EC0-301F-11D3-BF4B-00C04F79EFBC}") = "TRANSACTION.Infrastructure", "TRANSACTION.Infrastructure\TRANSACTION.Infrastructure.csproj", "{CE6A2505-0061-4DBD-9BC1-40175BF52C15}"
EndProject
Project("{FAE04EC0-301F-11D3-BF4B-00C04F79EFBC}") = "INCOMING_TRANSFERS.API", "INCOMING_TRANSFERS.API\INCOMING_TRANSFERS.API.csproj", "{CAB76106-1247-4216-83E7-510824A2AFD3}"
EndProject
Project("{FAE04EC0-301F-11D3-BF4B-00C04F79EFBC}") = "INCOMING_TRANSFERS.Domain", "INCOMING_TRANSFERS.Domain\INCOMING_TRANSFERS.Domain.csproj", "{A5E613DD-4F6A-4580-BC4F-67C108BB3803}"
EndProject
Project("{FAE04EC0-301F-11D3-BF4B-00C04F79EFBC}") = "INCOMING_TRANSFERS.Application", "INCOMING_TRANSFERS.Application\INCOMING_TRANSFERS.Application.csproj", "{6CD9A3F4-14F4-4EA2-98E4-C501D0C4DD19}"
EndProject
Project("{FAE04EC0-301F-11D3-BF4B-00C04F79EFBC}") = "INCOMING_TRANSFERS.Infrastructure", "INCOMING_TRANSFERS.Infrastructure\INCOMING_TRANSFERS.Infrastructure.csproj", "{A6BFFC84-FCDD-4CDF-9B1D-30C42D860B2D}"
EndProject
Project("{FAE04EC0-301F-11D3-BF4B-00C04F79EFBC}") = "EMPLOYEE.API", "EMPLOYEE.API\EMPLOYEE.API.csproj", "{A64223BC-B792-43F5-BA01-4F87027E58C3}"
EndProject
Project("{FAE04EC0-301F-11D3-BF4B-00C04F79EFBC}") = "EMPLOYEE.Application", "EMPLOYEE.Application\EMPLOYEE.Application.csproj", "{0826B87F-099C-478B-9B61-BEE34C95A341}"
EndProject
Project("{FAE04EC0-301F-11D3-BF4B-00C04F79EFBC}") = "EMPLOYEE.Domain", "EMPLOYEE.Domain\EMPLOYEE.Domain.csproj", "{EC5721B3-0253-497A-988B-7E01836574C9}"
EndProject
Project("{FAE04EC0-301F-11D3-BF4B-00C04F79EFBC}") = "EMPLOYEE.Infrastructure", "EMPLOYEE.Infrastructure\EMPLOYEE.Infrastructure.csproj", "{369AA1D7-5E9E-4928-93D1-95C9ECED66CA}"
EndProject
Project("{FAE04EC0-301F-11D3-BF4B-00C04F79EFBC}") = "JOINT_ACCOUNT.API", "JOINT_ACCOUNT.API\JOINT_ACCOUNT.API.csproj", "{ED6551A2-C1E9-4A99-9686-8BD679943091}"
EndProject
Project("{FAE04EC0-301F-11D3-BF4B-00C04F79EFBC}") = "JOINT_ACCOUNT.Application", "JOINT_ACCOUNT.Application\JOINT_ACCOUNT.Application.csproj", "{6C79E8C4-AFD7-4886-9336-7CCD65B8DD7E}"
EndProject
Project("{FAE04EC0-301F-11D3-BF4B-00C04F79EFBC}") = "JOINT_ACCOUNT.Domain", "JOINT_ACCOUNT.Domain\JOINT_ACCOUNT.Domain.csproj", "{A5D88192-730D-4DA0-ACF8-F8BD026533BA}"
EndProject
Project("{FAE04EC0-301F-11D3-BF4B-00C04F79EFBC}") = "JOINT_ACCOUNT.Infrastructure", "JOINT_ACCOUNT.Infrastructure\JOINT_ACCOUNT.Infrastructure.csproj", "{E0BC1445-1C73-4B1D-9F30-2A0976F5613C}"
EndProject
Project("{FAE04EC0-301F-11D3-BF4B-00C04F79EFBC}") = "DEPOSIT.API", "DEPOSIT.API\DEPOSIT.API.csproj", "{4B0281E1-E74B-4CEE-9DFB-D9FF25600190}"
EndProject
Project("{FAE04EC0-301F-11D3-BF4B-00C04F79EFBC}") = "NOMINEE.API", "NOMINEE.API\NOMINEE.API.csproj", "{3CFF2438-8B78-481C-BB32-A17931754CED}"
EndProject
Project("{FAE04EC0-301F-11D3-BF4B-00C04F79EFBC}") = "REMITTANCE.API", "REMITTANCE.API\REMITTANCE.API.csproj", "{14B4294A-2D45-44F3-9F8A-D5AF3B5DAA02}"
EndProject
Project("{FAE04EC0-301F-11D3-BF4B-00C04F79EFBC}") = "BENEFICIARIES.API", "BENEFICIARIES.API\BENEFICIARIES.API.csproj", "{6284964F-36CE-417A-926B-3F227517B813}"
EndProject
Project("{FAE04EC0-301F-11D3-BF4B-00C04F79EFBC}") = "DIGITAL_SESSIONS.API", "DIGITALSESSIONS.API\DIGITAL_SESSIONS.API.csproj", "{1D136E1E-B0DD-44FE-B9FE-58DFDD2625EC}"
EndProject
Project("{FAE04EC0-301F-11D3-BF4B-00C04F79EFBC}") = "LEDGER_ENTRIES.API", "LEDGER_ENTRIES.API\LEDGER_ENTRIES.API.csproj", "{E34146F5-66E1-4FA6-A116-6613C68B4BC4}"
EndProject
Project("{FAE04EC0-301F-11D3-BF4B-00C04F79EFBC}") = "ANALYTICS_LOGS.API", "ANALYTICS_LOGS\ANALYTICS_LOGS.API.csproj", "{5B160B59-0DAF-4AB9-9734-A9168DCEAB52}"
EndProject
Project("{FAE04EC0-301F-11D3-BF4B-00C04F79EFBC}") = "EMPLOYEE_AUDIT_LOGS.API", "EMPLOYEE_AUDIT_LOGS.API\EMPLOYEE_AUDIT_LOGS.API.csproj", "{8FBBD7B0-D113-4A90-BD79-5F15BDC9E501}"
EndProject
Project("{FAE04EC0-301F-11D3-BF4B-00C04F79EFBC}") = "USER_AUDIT_LOGS.API", "USER_AUDIT_LOGS.API\USER_AUDIT_LOGS.API.csproj", "{3C12DC37-5589-4DD8-A172-797A84A7E437}"
EndProject
Project("{FAE04EC0-301F-11D3-BF4B-00C04F79EFBC}") = "ANALYTICS_LOGS.Application", "ANALYTICS_LOGS.Application\ANALYTICS_LOGS.Application.csproj", "{E7B90C78-ADC9-4C31-A2F2-1E4DAAC01156}"
EndProject
Project("{FAE04EC0-301F-11D3-BF4B-00C04F79EFBC}") = "ANALYTICS_LOGS.Domain", "ANALYTICS_LOGS.Domain\ANALYTICS_LOGS.Domain.csproj", "{97A38A8F-DCEB-4DBA-8E63-24FCE169EB4D}"
EndProject
Project("{FAE04EC0-301F-11D3-BF4B-00C04F79EFBC}") = "ANALYTICS_LOGS.Infrastructure", "ANALYTICS_LOGS.Infrastructure\ANALYTICS_LOGS.Infrastructure.csproj", "{ED75E9DD-360D-4EE7-8CA6-96EE76E69D64}"
EndProject
Project("{FAE04EC0-301F-11D3-BF4B-00C04F79EFBC}") = "BENEFICIARIES.Application", "BENEFICIARIES.Application\BENEFICIARIES.Application.csproj", "{95AB65DF-D4FB-4DDE-BEEC-94DECE1C373E}"
EndProject
Project("{FAE04EC0-301F-11D3-BF4B-00C04F79EFBC}") = "BENEFICIARIES.Domain", "BENEFICIARIES.Domain\BENEFICIARIES.Domain.csproj", "{0090B477-5DF6-456E-9BCD-83ADFE528C9A}"
EndProject
Project("{FAE04EC0-301F-11D3-BF4B-00C04F79EFBC}") = "BENEFICIARIES.Infrastructure", "BENEFICIARIES.Infrastructure\BENEFICIARIES.Infrastructure.csproj", "{67BDD46B-D8E4-404E-A12C-332577233369}"
EndProject
Project("{FAE04EC0-301F-11D3-BF4B-00C04F79EFBC}") = "DEPOSIT.Application", "DEPOSIT.Application\DEPOSIT.Application.csproj", "{F753CA67-514F-498A-AE2B-AD3AB324C734}"
EndProject
Project("{FAE04EC0-301F-11D3-BF4B-00C04F79EFBC}") = "DEPOSIT.Domain", "DEPOSIT.Domain\DEPOSIT.Domain.csproj", "{8E387114-6744-4BAE-A233-C35AB0393510}"
EndProject
Project("{FAE04EC0-301F-11D3-BF4B-00C04F79EFBC}") = "DEPOSIT.Infrastructure", "DEPOSIT.Infrastructure\DEPOSIT.Infrastructure.csproj", "{66B575D2-06EC-412C-8AFE-8A383B6DB581}"
EndProject
Project("{FAE04EC0-301F-11D3-BF4B-00C04F79EFBC}") = "DIGITAL_SESSIONS.Application", "DIGITAL_SESSIONS.Application\DIGITAL_SESSIONS.Application.csproj", "{0EF5C07F-7216-4E4E-AC7E-F974BF550269}"
EndProject
Project("{FAE04EC0-301F-11D3-BF4B-00C04F79EFBC}") = "DIGITAL_SESSIONS.Domain", "DIGITAL_SESSIONS.Domain\DIGITAL_SESSIONS.Domain.csproj", "{525C86B9-4D7A-436E-ADBA-8F20B7B83D6A}"
EndProject
Project("{FAE04EC0-301F-11D3-BF4B-00C04F79EFBC}") = "DIGITAL_SESSIONS.Infrastructure", "DIGITAL_SESSIONS.Infrastructure\DIGITAL_SESSIONS.Infrastructure.csproj", "{93987FCC-5F2A-4B06-BE9D-677B0B7A058D}"
EndProject
Project("{FAE04EC0-301F-11D3-BF4B-00C04F79EFBC}") = "EMPLOYEE_AUDIT_LOGS.Application", "EMPLOYEE_AUDIT_LOGS.Application\EMPLOYEE_AUDIT_LOGS.Application.csproj", "{280942E1-28CE-445B-BF23-AD1F7EF5C7A7}"
EndProject
Project("{FAE04EC0-301F-11D3-BF4B-00C04F79EFBC}") = "EMPLOYEE_AUDIT_LOGS.Domain", "EMPLOYEE_AUDIT_LOGS.Domain\EMPLOYEE_AUDIT_LOGS.Domain.csproj", "{96BB8163-482C-4791-8ABD-A154FBDB4195}"
EndProject
Project("{FAE04EC0-301F-11D3-BF4B-00C04F79EFBC}") = "EMPLOYEE_AUDIT_LOGS.Infrastructure", "EMPLOYEE_AUDIT_LOGS.Infrastructure\EMPLOYEE_AUDIT_LOGS.Infrastructure.csproj", "{18CFA054-54C3-40A7-960D-21A3C78247D9}"
EndProject
Project("{FAE04EC0-301F-11D3-BF4B-00C04F79EFBC}") = "USER_AUDIT_LOGS.Application", "USER_AUDIT_LOGS.Application\USER_AUDIT_LOGS.Application.csproj", "{FBA8E4AE-3407-4512-BE66-0EDD285A671A}"
EndProject
Project("{FAE04EC0-301F-11D3-BF4B-00C04F79EFBC}") = "USER_AUDIT_LOGS.Domain", "USER_AUDIT_LOGS.Domain\USER_AUDIT_LOGS.Domain.csproj", "{6D9265DE-90DB-441F-B1FA-648A9613F1A8}"
EndProject
Project("{FAE04EC0-301F-11D3-BF4B-00C04F79EFBC}") = "USER_AUDIT_LOGS.Infrastructure", "USER_AUDIT_LOGS.Infrastructure\USER_AUDIT_LOGS.Infrastructure.csproj", "{328ADF6B-762C-44CE-BE55-FE37A897E805}"
EndProject
Project("{FAE04EC0-301F-11D3-BF4B-00C04F79EFBC}") = "LEDGER_ENTRIES.Applicaton", "LEDGER_ENTRIES.Applicaton\LEDGER_ENTRIES.Applicaton.csproj", "{57995133-0796-47D5-859C-824F31B5D686}"
EndProject
Project("{FAE04EC0-301F-11D3-BF4B-00C04F79EFBC}") = "LEDGER_ENTRIES.Domain", "LEDGER_ENTRIES.Domain\LEDGER_ENTRIES.Domain.csproj", "{3E5E5571-982D-4BF0-881D-427B84B5C2A5}"
EndProject
Project("{FAE04EC0-301F-11D3-BF4B-00C04F79EFBC}") = "LEDGER_ENTRIES.Infrastructure", "LEDGER_ENTRIES.Infrastructure\LEDGER_ENTRIES.Infrastructure.csproj", "{8EBA9902-8743-4EB6-9D92-7F4264152C4F}"
EndProject
Project("{FAE04EC0-301F-11D3-BF4B-00C04F79EFBC}") = "NOMINEE.Application", "NOMINEE.Application\NOMINEE.Application.csproj", "{66321441-98A4-4C92-8686-0035E72B10FB}"
EndProject
Project("{FAE04EC0-301F-11D3-BF4B-00C04F79EFBC}") = "NOMINEE.Domain", "NOMINEE.Domain\NOMINEE.Domain.csproj", "{E07CB53D-1DE4-46FE-ACF8-B7555A217862}"
EndProject
Project("{FAE04EC0-301F-11D3-BF4B-00C04F79EFBC}") = "NOMINEE.Infrastructure", "NOMINEE.Infrastructure\NOMINEE.Infrastructure.csproj", "{DA546CB5-FEA9-4CDB-A6DC-F84F5CB0C95C}"
EndProject
Project("{FAE04EC0-301F-11D3-BF4B-00C04F79EFBC}") = "REMITTANCE.Application", "REMITTANCE.Application\REMITTANCE.Application.csproj", "{653DDC6B-A44B-40B0-85AE-5CF06AC44D55}"
EndProject
Project("{FAE04EC0-301F-11D3-BF4B-00C04F79EFBC}") = "REMITTANCE.Domain", "REMITTANCE.Domain\REMITTANCE.Domain.csproj", "{53EEE268-D331-400E-B293-8BE8C38646AB}"
EndProject
Project("{FAE04EC0-301F-11D3-BF4B-00C04F79EFBC}") = "REMITTANCE.Infrasturcture", "REMITTANCE.Infrasturcture\REMITTANCE.Infrasturcture.csproj", "{16C89D8C-16A5-466E-AAB9-D9FFD9CCB4A8}"
EndProject
Project("{FAE04EC0-301F-11D3-BF4B-00C04F79EFBC}") = "KYC_DOCUMENT.API", "KYC_DOCUMENT.API\KYC_DOCUMENT.API.csproj", "{5B620649-293F-4405-9347-943826A571F7}"
EndProject
Project("{FAE04EC0-301F-11D3-BF4B-00C04F79EFBC}") = "KYC_DOCUMENT.Application", "KYC_DOCUMENT.Application\KYC_DOCUMENT.Application.csproj", "{C59F3D4C-B691-4EB2-BB88-DAC6D37B73F6}"
EndProject
Project("{FAE04EC0-301F-11D3-BF4B-00C04F79EFBC}") = "KYC_DOCUMENT.Domain", "KYC_DOCUMENT.Domain\KYC_DOCUMENT.Domain.csproj", "{ADCDFF83-E66A-450F-B1F5-0DE2BF0FC5D9}"
EndProject
Project("{FAE04EC0-301F-11D3-BF4B-00C04F79EFBC}") = "KYC_DOCUMENT.Infrastructure", "KYC_DOCUMENT.Infrastructure\KYC_DOCUMENT.Infrastructure.csproj", "{1C79565C-C5A1-434E-B73A-8423320B74B2}"
EndProject
Project("{2150E333-8FDC-42A3-9474-1A3956D46DE8}") = "ACCOUNCT", "ACCOUNCT", "{02EA681E-C7D8-13C7-8484-4AC65E1B71E8}"
EndProject
Project("{2150E333-8FDC-42A3-9474-1A3956D46DE8}") = "ANALYTICS", "ANALYTICS", "{E87AA06D-0592-4ED3-B499-D31E81DFEE7D}"
EndProject
Project("{2150E333-8FDC-42A3-9474-1A3956D46DE8}") = "BENEFICIARIES", "BENEFICIARIES", "{5B1B6077-F6D3-4B69-8EB7-48684A1A2328}"
EndProject
Project("{2150E333-8FDC-42A3-9474-1A3956D46DE8}") = "BRANCHES", "BRANCHES", "{0CF32C36-BCBE-47B5-8B72-744528868A51}"
EndProject
Project("{2150E333-8FDC-42A3-9474-1A3956D46DE8}") = "DEPOSIT", "DEPOSIT", "{2899E18C-C16E-4BBD-B00B-7DA94C1B2B94}"
EndProject
Project("{2150E333-8FDC-42A3-9474-1A3956D46DE8}") = "DIGITAL_SESSIONS", "DIGITAL_SESSIONS", "{DC1BFE39-7054-45C8-8992-3D27B5E7A942}"
EndProject
Project("{2150E333-8FDC-42A3-9474-1A3956D46DE8}") = "EMPLOYEE", "EMPLOYEE", "{B93C29B5-F591-412D-98A2-3A174BDFEE32}"
EndProject
Project("{2150E333-8FDC-42A3-9474-1A3956D46DE8}") = "EMPLOYEE_AUDIT_LOGS", "EMPLOYEE_AUDIT_LOGS", "{815E2DC2-640E-4A0E-8259-4ED3031438C6}"
EndProject
Project("{2150E333-8FDC-42A3-9474-1A3956D46DE8}") = "INCOMING_TRANSFERS", "INCOMING_TRANSFERS", "{1B800E94-D94C-42B0-AFE8-A24F824A1453}"
EndProject
Project("{2150E333-8FDC-42A3-9474-1A3956D46DE8}") = "JOINT_ACCOUNT", "JOINT_ACCOUNT", "{12F7306D-DA9D-4305-BEB9-6AC6F62C7F9E}"
EndProject
Project("{2150E333-8FDC-42A3-9474-1A3956D46DE8}") = "KYC_DOCUMENT", "KYC_DOCUMENT", "{BB9342C0-CB36-41A0-90D2-3A96AFE0E79F}"
EndProject
Project("{2150E333-8FDC-42A3-9474-1A3956D46DE8}") = "LEDGER_ENTRIES", "LEDGER_ENTRIES", "{3D6C09B1-F317-41BE-A1E0-A34D4B519BCD}"
EndProject
Project("{2150E333-8FDC-42A3-9474-1A3956D46DE8}") = "NOMINEE", "NOMINEE", "{B7F0F9F3-169F-460D-93DF-F2ECF25DE173}"
EndProject
Project("{2150E333-8FDC-42A3-9474-1A3956D46DE8}") = "REMITTANCE", "REMITTANCE", "{2970EE4E-0124-4F6F-BBB6-9EAAE5EE3CBD}"
EndProject
Project("{2150E333-8FDC-42A3-9474-1A3956D46DE8}") = "TRANSACTION", "TRANSACTION", "{82523883-4D24-4061-AEEF-C83AF05B4D69}"
EndProject
Project("{2150E333-8FDC-42A3-9474-1A3956D46DE8}") = "USER_AUDIT_LOGS", "USER_AUDIT_LOGS", "{CA4819B9-FC3E-4156-9C97-D9365DDEE78E}"
EndProject
Global
	GlobalSection(SolutionConfigurationPlatforms) = preSolution
		Debug|Any CPU = Debug|Any CPU
		Release|Any CPU = Release|Any CPU
	EndGlobalSection
	GlobalSection(ProjectConfigurationPlatforms) = postSolution
		{B6D1E777-2FB2-4601-A2C3-9B25B31753C1}.Debug|Any CPU.ActiveCfg = Debug|Any CPU
		{B6D1E777-2FB2-4601-A2C3-9B25B31753C1}.Debug|Any CPU.Build.0 = Debug|Any CPU
		{B6D1E777-2FB2-4601-A2C3-9B25B31753C1}.Release|Any CPU.ActiveCfg = Release|Any CPU
		{B6D1E777-2FB2-4601-A2C3-9B25B31753C1}.Release|Any CPU.Build.0 = Release|Any CPU
		{E790F52E-5BE2-43E4-B25F-FDCF8C1502FE}.Debug|Any CPU.ActiveCfg = Debug|Any CPU
		{E790F52E-5BE2-43E4-B25F-FDCF8C1502FE}.Debug|Any CPU.Build.0 = Debug|Any CPU
		{E790F52E-5BE2-43E4-B25F-FDCF8C1502FE}.Release|Any CPU.ActiveCfg = Release|Any CPU
		{E790F52E-5BE2-43E4-B25F-FDCF8C1502FE}.Release|Any CPU.Build.0 = Release|Any CPU
		{7C0A8EEA-18AB-4FB3-8961-3B8C29D0BF55}.Debug|Any CPU.ActiveCfg = Debug|Any CPU
		{7C0A8EEA-18AB-4FB3-8961-3B8C29D0BF55}.Debug|Any CPU.Build.0 = Debug|Any CPU
		{7C0A8EEA-18AB-4FB3-8961-3B8C29D0BF55}.Release|Any CPU.ActiveCfg = Release|Any CPU
		{7C0A8EEA-18AB-4FB3-8961-3B8C29D0BF55}.Release|Any CPU.Build.0 = Release|Any CPU
		{AD01311E-46EF-4B6C-98B9-EAF2033179F3}.Debug|Any CPU.ActiveCfg = Debug|Any CPU
		{AD01311E-46EF-4B6C-98B9-EAF2033179F3}.Debug|Any CPU.Build.0 = Debug|Any CPU
		{AD01311E-46EF-4B6C-98B9-EAF2033179F3}.Release|Any CPU.ActiveCfg = Release|Any CPU
		{AD01311E-46EF-4B6C-98B9-EAF2033179F3}.Release|Any CPU.Build.0 = Release|Any CPU
		{4A6CF029-198C-4CCA-9B16-CFA3AAC9AED1}.Debug|Any CPU.ActiveCfg = Debug|Any CPU
		{4A6CF029-198C-4CCA-9B16-CFA3AAC9AED1}.Debug|Any CPU.Build.0 = Debug|Any CPU
		{4A6CF029-198C-4CCA-9B16-CFA3AAC9AED1}.Release|Any CPU.ActiveCfg = Release|Any CPU
		{4A6CF029-198C-4CCA-9B16-CFA3AAC9AED1}.Release|Any CPU.Build.0 = Release|Any CPU
		{715E99FD-CA10-4397-9670-1F2F4A3B514A}.Debug|Any CPU.ActiveCfg = Debug|Any CPU
		{715E99FD-CA10-4397-9670-1F2F4A3B514A}.Debug|Any CPU.Build.0 = Debug|Any CPU
		{715E99FD-CA10-4397-9670-1F2F4A3B514A}.Release|Any CPU.ActiveCfg = Release|Any CPU
		{715E99FD-CA10-4397-9670-1F2F4A3B514A}.Release|Any CPU.Build.0 = Release|Any CPU
		{2AC20D48-EA4C-40DA-817D-8ABEA9B938FE}.Debug|Any CPU.ActiveCfg = Debug|Any CPU
		{2AC20D48-EA4C-40DA-817D-8ABEA9B938FE}.Debug|Any CPU.Build.0 = Debug|Any CPU
		{2AC20D48-EA4C-40DA-817D-8ABEA9B938FE}.Release|Any CPU.ActiveCfg = Release|Any CPU
		{2AC20D48-EA4C-40DA-817D-8ABEA9B938FE}.Release|Any CPU.Build.0 = Release|Any CPU
		{F429FA15-E275-4355-BB77-6AFD6E316736}.Debug|Any CPU.ActiveCfg = Debug|Any CPU
		{F429FA15-E275-4355-BB77-6AFD6E316736}.Debug|Any CPU.Build.0 = Debug|Any CPU
		{F429FA15-E275-4355-BB77-6AFD6E316736}.Release|Any CPU.ActiveCfg = Release|Any CPU
		{F429FA15-E275-4355-BB77-6AFD6E316736}.Release|Any CPU.Build.0 = Release|Any CPU
		{7365A4E0-F2D5-43F2-84F3-B0328DC9AD7A}.Debug|Any CPU.ActiveCfg = Debug|Any CPU
		{7365A4E0-F2D5-43F2-84F3-B0328DC9AD7A}.Debug|Any CPU.Build.0 = Debug|Any CPU
		{7365A4E0-F2D5-43F2-84F3-B0328DC9AD7A}.Release|Any CPU.ActiveCfg = Release|Any CPU
		{7365A4E0-F2D5-43F2-84F3-B0328DC9AD7A}.Release|Any CPU.Build.0 = Release|Any CPU
		{AA79D4BF-3B63-4A4F-A0D5-40CA554D4507}.Debug|Any CPU.ActiveCfg = Debug|Any CPU
		{AA79D4BF-3B63-4A4F-A0D5-40CA554D4507}.Debug|Any CPU.Build.0 = Debug|Any CPU
		{AA79D4BF-3B63-4A4F-A0D5-40CA554D4507}.Release|Any CPU.ActiveCfg = Release|Any CPU
		{AA79D4BF-3B63-4A4F-A0D5-40CA554D4507}.Release|Any CPU.Build.0 = Release|Any CPU
		{3B58C1B1-55BF-40E7-8954-09086F4CF2F5}.Debug|Any CPU.ActiveCfg = Debug|Any CPU
		{3B58C1B1-55BF-40E7-8954-09086F4CF2F5}.Debug|Any CPU.Build.0 = Debug|Any CPU
		{3B58C1B1-55BF-40E7-8954-09086F4CF2F5}.Release|Any CPU.ActiveCfg = Release|Any CPU
		{3B58C1B1-55BF-40E7-8954-09086F4CF2F5}.Release|Any CPU.Build.0 = Release|Any CPU
		{CE6A2505-0061-4DBD-9BC1-40175BF52C15}.Debug|Any CPU.ActiveCfg = Debug|Any CPU
		{CE6A2505-0061-4DBD-9BC1-40175BF52C15}.Debug|Any CPU.Build.0 = Debug|Any CPU
		{CE6A2505-0061-4DBD-9BC1-40175BF52C15}.Release|Any CPU.ActiveCfg = Release|Any CPU
		{CE6A2505-0061-4DBD-9BC1-40175BF52C15}.Release|Any CPU.Build.0 = Release|Any CPU
		{CAB76106-1247-4216-83E7-510824A2AFD3}.Debug|Any CPU.ActiveCfg = Debug|Any CPU
		{CAB76106-1247-4216-83E7-510824A2AFD3}.Debug|Any CPU.Build.0 = Debug|Any CPU
		{CAB76106-1247-4216-83E7-510824A2AFD3}.Release|Any CPU.ActiveCfg = Release|Any CPU
		{CAB76106-1247-4216-83E7-510824A2AFD3}.Release|Any CPU.Build.0 = Release|Any CPU
		{A5E613DD-4F6A-4580-BC4F-67C108BB3803}.Debug|Any CPU.ActiveCfg = Debug|Any CPU
		{A5E613DD-4F6A-4580-BC4F-67C108BB3803}.Debug|Any CPU.Build.0 = Debug|Any CPU
		{A5E613DD-4F6A-4580-BC4F-67C108BB3803}.Release|Any CPU.ActiveCfg = Release|Any CPU
		{A5E613DD-4F6A-4580-BC4F-67C108BB3803}.Release|Any CPU.Build.0 = Release|Any CPU
		{6CD9A3F4-14F4-4EA2-98E4-C501D0C4DD19}.Debug|Any CPU.ActiveCfg = Debug|Any CPU
		{6CD9A3F4-14F4-4EA2-98E4-C501D0C4DD19}.Debug|Any CPU.Build.0 = Debug|Any CPU
		{6CD9A3F4-14F4-4EA2-98E4-C501D0C4DD19}.Release|Any CPU.ActiveCfg = Release|Any CPU
		{6CD9A3F4-14F4-4EA2-98E4-C501D0C4DD19}.Release|Any CPU.Build.0 = Release|Any CPU
		{A6BFFC84-FCDD-4CDF-9B1D-30C42D860B2D}.Debug|Any CPU.ActiveCfg = Debug|Any CPU
		{A6BFFC84-FCDD-4CDF-9B1D-30C42D860B2D}.Debug|Any CPU.Build.0 = Debug|Any CPU
		{A6BFFC84-FCDD-4CDF-9B1D-30C42D860B2D}.Release|Any CPU.ActiveCfg = Release|Any CPU
		{A6BFFC84-FCDD-4CDF-9B1D-30C42D860B2D}.Release|Any CPU.Build.0 = Release|Any CPU
		{A64223BC-B792-43F5-BA01-4F87027E58C3}.Debug|Any CPU.ActiveCfg = Debug|Any CPU
		{A64223BC-B792-43F5-BA01-4F87027E58C3}.Debug|Any CPU.Build.0 = Debug|Any CPU
		{A64223BC-B792-43F5-BA01-4F87027E58C3}.Release|Any CPU.ActiveCfg = Release|Any CPU
		{A64223BC-B792-43F5-BA01-4F87027E58C3}.Release|Any CPU.Build.0 = Release|Any CPU
		{0826B87F-099C-478B-9B61-BEE34C95A341}.Debug|Any CPU.ActiveCfg = Debug|Any CPU
		{0826B87F-099C-478B-9B61-BEE34C95A341}.Debug|Any CPU.Build.0 = Debug|Any CPU
		{0826B87F-099C-478B-9B61-BEE34C95A341}.Release|Any CPU.ActiveCfg = Release|Any CPU
		{0826B87F-099C-478B-9B61-BEE34C95A341}.Release|Any CPU.Build.0 = Release|Any CPU
		{EC5721B3-0253-497A-988B-7E01836574C9}.Debug|Any CPU.ActiveCfg = Debug|Any CPU
		{EC5721B3-0253-497A-988B-7E01836574C9}.Debug|Any CPU.Build.0 = Debug|Any CPU
		{EC5721B3-0253-497A-988B-7E01836574C9}.Release|Any CPU.ActiveCfg = Release|Any CPU
		{EC5721B3-0253-497A-988B-7E01836574C9}.Release|Any CPU.Build.0 = Release|Any CPU
		{369AA1D7-5E9E-4928-93D1-95C9ECED66CA}.Debug|Any CPU.ActiveCfg = Debug|Any CPU
		{369AA1D7-5E9E-4928-93D1-95C9ECED66CA}.Debug|Any CPU.Build.0 = Debug|Any CPU
		{369AA1D7-5E9E-4928-93D1-95C9ECED66CA}.Release|Any CPU.ActiveCfg = Release|Any CPU
		{369AA1D7-5E9E-4928-93D1-95C9ECED66CA}.Release|Any CPU.Build.0 = Release|Any CPU
		{ED6551A2-C1E9-4A99-9686-8BD679943091}.Debug|Any CPU.ActiveCfg = Debug|Any CPU
		{ED6551A2-C1E9-4A99-9686-8BD679943091}.Debug|Any CPU.Build.0 = Debug|Any CPU
		{ED6551A2-C1E9-4A99-9686-8BD679943091}.Release|Any CPU.ActiveCfg = Release|Any CPU
		{ED6551A2-C1E9-4A99-9686-8BD679943091}.Release|Any CPU.Build.0 = Release|Any CPU
		{6C79E8C4-AFD7-4886-9336-7CCD65B8DD7E}.Debug|Any CPU.ActiveCfg = Debug|Any CPU
		{6C79E8C4-AFD7-4886-9336-7CCD65B8DD7E}.Debug|Any CPU.Build.0 = Debug|Any CPU
		{6C79E8C4-AFD7-4886-9336-7CCD65B8DD7E}.Release|Any CPU.ActiveCfg = Release|Any CPU
		{6C79E8C4-AFD7-4886-9336-7CCD65B8DD7E}.Release|Any CPU.Build.0 = Release|Any CPU
		{A5D88192-730D-4DA0-ACF8-F8BD026533BA}.Debug|Any CPU.ActiveCfg = Debug|Any CPU
		{A5D88192-730D-4DA0-ACF8-F8BD026533BA}.Debug|Any CPU.Build.0 = Debug|Any CPU
		{A5D88192-730D-4DA0-ACF8-F8BD026533BA}.Release|Any CPU.ActiveCfg = Release|Any CPU
		{A5D88192-730D-4DA0-ACF8-F8BD026533BA}.Release|Any CPU.Build.0 = Release|Any CPU
		{E0BC1445-1C73-4B1D-9F30-2A0976F5613C}.Debug|Any CPU.ActiveCfg = Debug|Any CPU
		{E0BC1445-1C73-4B1D-9F30-2A0976F5613C}.Debug|Any CPU.Build.0 = Debug|Any CPU
		{E0BC1445-1C73-4B1D-9F30-2A0976F5613C}.Release|Any CPU.ActiveCfg = Release|Any CPU
		{E0BC1445-1C73-4B1D-9F30-2A0976F5613C}.Release|Any CPU.Build.0 = Release|Any CPU
		{4B0281E1-E74B-4CEE-9DFB-D9FF25600190}.Debug|Any CPU.ActiveCfg = Debug|Any CPU
		{4B0281E1-E74B-4CEE-9DFB-D9FF25600190}.Debug|Any CPU.Build.0 = Debug|Any CPU
		{4B0281E1-E74B-4CEE-9DFB-D9FF25600190}.Release|Any CPU.ActiveCfg = Release|Any CPU
		{4B0281E1-E74B-4CEE-9DFB-D9FF25600190}.Release|Any CPU.Build.0 = Release|Any CPU
		{3CFF2438-8B78-481C-BB32-A17931754CED}.Debug|Any CPU.ActiveCfg = Debug|Any CPU
		{3CFF2438-8B78-481C-BB32-A17931754CED}.Debug|Any CPU.Build.0 = Debug|Any CPU
		{3CFF2438-8B78-481C-BB32-A17931754CED}.Release|Any CPU.ActiveCfg = Release|Any CPU
		{3CFF2438-8B78-481C-BB32-A17931754CED}.Release|Any CPU.Build.0 = Release|Any CPU
		{14B4294A-2D45-44F3-9F8A-D5AF3B5DAA02}.Debug|Any CPU.ActiveCfg = Debug|Any CPU
		{14B4294A-2D45-44F3-9F8A-D5AF3B5DAA02}.Debug|Any CPU.Build.0 = Debug|Any CPU
		{14B4294A-2D45-44F3-9F8A-D5AF3B5DAA02}.Release|Any CPU.ActiveCfg = Release|Any CPU
		{14B4294A-2D45-44F3-9F8A-D5AF3B5DAA02}.Release|Any CPU.Build.0 = Release|Any CPU
		{6284964F-36CE-417A-926B-3F227517B813}.Debug|Any CPU.ActiveCfg = Debug|Any CPU
		{6284964F-36CE-417A-926B-3F227517B813}.Debug|Any CPU.Build.0 = Debug|Any CPU
		{6284964F-36CE-417A-926B-3F227517B813}.Release|Any CPU.ActiveCfg = Release|Any CPU
		{6284964F-36CE-417A-926B-3F227517B813}.Release|Any CPU.Build.0 = Release|Any CPU
		{1D136E1E-B0DD-44FE-B9FE-58DFDD2625EC}.Debug|Any CPU.ActiveCfg = Debug|Any CPU
		{1D136E1E-B0DD-44FE-B9FE-58DFDD2625EC}.Debug|Any CPU.Build.0 = Debug|Any CPU
		{1D136E1E-B0DD-44FE-B9FE-58DFDD2625EC}.Release|Any CPU.ActiveCfg = Release|Any CPU
		{1D136E1E-B0DD-44FE-B9FE-58DFDD2625EC}.Release|Any CPU.Build.0 = Release|Any CPU
		{E34146F5-66E1-4FA6-A116-6613C68B4BC4}.Debug|Any CPU.ActiveCfg = Debug|Any CPU
		{E34146F5-66E1-4FA6-A116-6613C68B4BC4}.Debug|Any CPU.Build.0 = Debug|Any CPU
		{E34146F5-66E1-4FA6-A116-6613C68B4BC4}.Release|Any CPU.ActiveCfg = Release|Any CPU
		{E34146F5-66E1-4FA6-A116-6613C68B4BC4}.Release|Any CPU.Build.0 = Release|Any CPU
		{5B160B59-0DAF-4AB9-9734-A9168DCEAB52}.Debug|Any CPU.ActiveCfg = Debug|Any CPU
		{5B160B59-0DAF-4AB9-9734-A9168DCEAB52}.Debug|Any CPU.Build.0 = Debug|Any CPU
		{5B160B59-0DAF-4AB9-9734-A9168DCEAB52}.Release|Any CPU.ActiveCfg = Release|Any CPU
		{5B160B59-0DAF-4AB9-9734-A9168DCEAB52}.Release|Any CPU.Build.0 = Release|Any CPU
		{8FBBD7B0-D113-4A90-BD79-5F15BDC9E501}.Debug|Any CPU.ActiveCfg = Debug|Any CPU
		{8FBBD7B0-D113-4A90-BD79-5F15BDC9E501}.Debug|Any CPU.Build.0 = Debug|Any CPU
		{8FBBD7B0-D113-4A90-BD79-5F15BDC9E501}.Release|Any CPU.ActiveCfg = Release|Any CPU
		{8FBBD7B0-D113-4A90-BD79-5F15BDC9E501}.Release|Any CPU.Build.0 = Release|Any CPU
		{3C12DC37-5589-4DD8-A172-797A84A7E437}.Debug|Any CPU.ActiveCfg = Debug|Any CPU
		{3C12DC37-5589-4DD8-A172-797A84A7E437}.Debug|Any CPU.Build.0 = Debug|Any CPU
		{3C12DC37-5589-4DD8-A172-797A84A7E437}.Release|Any CPU.ActiveCfg = Release|Any CPU
		{3C12DC37-5589-4DD8-A172-797A84A7E437}.Release|Any CPU.Build.0 = Release|Any CPU
		{E7B90C78-ADC9-4C31-A2F2-1E4DAAC01156}.Debug|Any CPU.ActiveCfg = Debug|Any CPU
		{E7B90C78-ADC9-4C31-A2F2-1E4DAAC01156}.Debug|Any CPU.Build.0 = Debug|Any CPU
		{E7B90C78-ADC9-4C31-A2F2-1E4DAAC01156}.Release|Any CPU.ActiveCfg = Release|Any CPU
		{E7B90C78-ADC9-4C31-A2F2-1E4DAAC01156}.Release|Any CPU.Build.0 = Release|Any CPU
		{97A38A8F-DCEB-4DBA-8E63-24FCE169EB4D}.Debug|Any CPU.ActiveCfg = Debug|Any CPU
		{97A38A8F-DCEB-4DBA-8E63-24FCE169EB4D}.Debug|Any CPU.Build.0 = Debug|Any CPU
		{97A38A8F-DCEB-4DBA-8E63-24FCE169EB4D}.Release|Any CPU.ActiveCfg = Release|Any CPU
		{97A38A8F-DCEB-4DBA-8E63-24FCE169EB4D}.Release|Any CPU.Build.0 = Release|Any CPU
		{ED75E9DD-360D-4EE7-8CA6-96EE76E69D64}.Debug|Any CPU.ActiveCfg = Debug|Any CPU
		{ED75E9DD-360D-4EE7-8CA6-96EE76E69D64}.Debug|Any CPU.Build.0 = Debug|Any CPU
		{ED75E9DD-360D-4EE7-8CA6-96EE76E69D64}.Release|Any CPU.ActiveCfg = Release|Any CPU
		{ED75E9DD-360D-4EE7-8CA6-96EE76E69D64}.Release|Any CPU.Build.0 = Release|Any CPU
		{95AB65DF-D4FB-4DDE-BEEC-94DECE1C373E}.Debug|Any CPU.ActiveCfg = Debug|Any CPU
		{95AB65DF-D4FB-4DDE-BEEC-94DECE1C373E}.Debug|Any CPU.Build.0 = Debug|Any CPU
		{95AB65DF-D4FB-4DDE-BEEC-94DECE1C373E}.Release|Any CPU.ActiveCfg = Release|Any CPU
		{95AB65DF-D4FB-4DDE-BEEC-94DECE1C373E}.Release|Any CPU.Build.0 = Release|Any CPU
		{0090B477-5DF6-456E-9BCD-83ADFE528C9A}.Debug|Any CPU.ActiveCfg = Debug|Any CPU
		{0090B477-5DF6-456E-9BCD-83ADFE528C9A}.Debug|Any CPU.Build.0 = Debug|Any CPU
		{0090B477-5DF6-456E-9BCD-83ADFE528C9A}.Release|Any CPU.ActiveCfg = Release|Any CPU
		{0090B477-5DF6-456E-9BCD-83ADFE528C9A}.Release|Any CPU.Build.0 = Release|Any CPU
		{67BDD46B-D8E4-404E-A12C-332577233369}.Debug|Any CPU.ActiveCfg = Debug|Any CPU
		{67BDD46B-D8E4-404E-A12C-332577233369}.Debug|Any CPU.Build.0 = Debug|Any CPU
		{67BDD46B-D8E4-404E-A12C-332577233369}.Release|Any CPU.ActiveCfg = Release|Any CPU
		{67BDD46B-D8E4-404E-A12C-332577233369}.Release|Any CPU.Build.0 = Release|Any CPU
		{F753CA67-514F-498A-AE2B-AD3AB324C734}.Debug|Any CPU.ActiveCfg = Debug|Any CPU
		{F753CA67-514F-498A-AE2B-AD3AB324C734}.Debug|Any CPU.Build.0 = Debug|Any CPU
		{F753CA67-514F-498A-AE2B-AD3AB324C734}.Release|Any CPU.ActiveCfg = Release|Any CPU
		{F753CA67-514F-498A-AE2B-AD3AB324C734}.Release|Any CPU.Build.0 = Release|Any CPU
		{8E387114-6744-4BAE-A233-C35AB0393510}.Debug|Any CPU.ActiveCfg = Debug|Any CPU
		{8E387114-6744-4BAE-A233-C35AB0393510}.Debug|Any CPU.Build.0 = Debug|Any CPU
		{8E387114-6744-4BAE-A233-C35AB0393510}.Release|Any CPU.ActiveCfg = Release|Any CPU
		{8E387114-6744-4BAE-A233-C35AB0393510}.Release|Any CPU.Build.0 = Release|Any CPU
		{66B575D2-06EC-412C-8AFE-8A383B6DB581}.Debug|Any CPU.ActiveCfg = Debug|Any CPU
		{66B575D2-06EC-412C-8AFE-8A383B6DB581}.Debug|Any CPU.Build.0 = Debug|Any CPU
		{66B575D2-06EC-412C-8AFE-8A383B6DB581}.Release|Any CPU.ActiveCfg = Release|Any CPU
		{66B575D2-06EC-412C-8AFE-8A383B6DB581}.Release|Any CPU.Build.0 = Release|Any CPU
		{0EF5C07F-7216-4E4E-AC7E-F974BF550269}.Debug|Any CPU.ActiveCfg = Debug|Any CPU
		{0EF5C07F-7216-4E4E-AC7E-F974BF550269}.Debug|Any CPU.Build.0 = Debug|Any CPU
		{0EF5C07F-7216-4E4E-AC7E-F974BF550269}.Release|Any CPU.ActiveCfg = Release|Any CPU
		{0EF5C07F-7216-4E4E-AC7E-F974BF550269}.Release|Any CPU.Build.0 = Release|Any CPU
		{525C86B9-4D7A-436E-ADBA-8F20B7B83D6A}.Debug|Any CPU.ActiveCfg = Debug|Any CPU
		{525C86B9-4D7A-436E-ADBA-8F20B7B83D6A}.Debug|Any CPU.Build.0 = Debug|Any CPU
		{525C86B9-4D7A-436E-ADBA-8F20B7B83D6A}.Release|Any CPU.ActiveCfg = Release|Any CPU
		{525C86B9-4D7A-436E-ADBA-8F20B7B83D6A}.Release|Any CPU.Build.0 = Release|Any CPU
		{93987FCC-5F2A-4B06-BE9D-677B0B7A058D}.Debug|Any CPU.ActiveCfg = Debug|Any CPU
		{93987FCC-5F2A-4B06-BE9D-677B0B7A058D}.Debug|Any CPU.Build.0 = Debug|Any CPU
		{93987FCC-5F2A-4B06-BE9D-677B0B7A058D}.Release|Any CPU.ActiveCfg = Release|Any CPU
		{93987FCC-5F2A-4B06-BE9D-677B0B7A058D}.Release|Any CPU.Build.0 = Release|Any CPU
		{280942E1-28CE-445B-BF23-AD1F7EF5C7A7}.Debug|Any CPU.ActiveCfg = Debug|Any CPU
		{280942E1-28CE-445B-BF23-AD1F7EF5C7A7}.Debug|Any CPU.Build.0 = Debug|Any CPU
		{280942E1-28CE-445B-BF23-AD1F7EF5C7A7}.Release|Any CPU.ActiveCfg = Release|Any CPU
		{280942E1-28CE-445B-BF23-AD1F7EF5C7A7}.Release|Any CPU.Build.0 = Release|Any CPU
		{96BB8163-482C-4791-8ABD-A154FBDB4195}.Debug|Any CPU.ActiveCfg = Debug|Any CPU
		{96BB8163-482C-4791-8ABD-A154FBDB4195}.Debug|Any CPU.Build.0 = Debug|Any CPU
		{96BB8163-482C-4791-8ABD-A154FBDB4195}.Release|Any CPU.ActiveCfg = Release|Any CPU
		{96BB8163-482C-4791-8ABD-A154FBDB4195}.Release|Any CPU.Build.0 = Release|Any CPU
		{18CFA054-54C3-40A7-960D-21A3C78247D9}.Debug|Any CPU.ActiveCfg = Debug|Any CPU
		{18CFA054-54C3-40A7-960D-21A3C78247D9}.Debug|Any CPU.Build.0 = Debug|Any CPU
		{18CFA054-54C3-40A7-960D-21A3C78247D9}.Release|Any CPU.ActiveCfg = Release|Any CPU
		{18CFA054-54C3-40A7-960D-21A3C78247D9}.Release|Any CPU.Build.0 = Release|Any CPU
		{FBA8E4AE-3407-4512-BE66-0EDD285A671A}.Debug|Any CPU.ActiveCfg = Debug|Any CPU
		{FBA8E4AE-3407-4512-BE66-0EDD285A671A}.Debug|Any CPU.Build.0 = Debug|Any CPU
		{FBA8E4AE-3407-4512-BE66-0EDD285A671A}.Release|Any CPU.ActiveCfg = Release|Any CPU
		{FBA8E4AE-3407-4512-BE66-0EDD285A671A}.Release|Any CPU.Build.0 = Release|Any CPU
		{6D9265DE-90DB-441F-B1FA-648A9613F1A8}.Debug|Any CPU.ActiveCfg = Debug|Any CPU
		{6D9265DE-90DB-441F-B1FA-648A9613F1A8}.Debug|Any CPU.Build.0 = Debug|Any CPU
		{6D9265DE-90DB-441F-B1FA-648A9613F1A8}.Release|Any CPU.ActiveCfg = Release|Any CPU
		{6D9265DE-90DB-441F-B1FA-648A9613F1A8}.Release|Any CPU.Build.0 = Release|Any CPU
		{328ADF6B-762C-44CE-BE55-FE37A897E805}.Debug|Any CPU.ActiveCfg = Debug|Any CPU
		{328ADF6B-762C-44CE-BE55-FE37A897E805}.Debug|Any CPU.Build.0 = Debug|Any CPU
		{328ADF6B-762C-44CE-BE55-FE37A897E805}.Release|Any CPU.ActiveCfg = Release|Any CPU
		{328ADF6B-762C-44CE-BE55-FE37A897E805}.Release|Any CPU.Build.0 = Release|Any CPU
		{57995133-0796-47D5-859C-824F31B5D686}.Debug|Any CPU.ActiveCfg = Debug|Any CPU
		{57995133-0796-47D5-859C-824F31B5D686}.Debug|Any CPU.Build.0 = Debug|Any CPU
		{57995133-0796-47D5-859C-824F31B5D686}.Release|Any CPU.ActiveCfg = Release|Any CPU
		{57995133-0796-47D5-859C-824F31B5D686}.Release|Any CPU.Build.0 = Release|Any CPU
		{3E5E5571-982D-4BF0-881D-427B84B5C2A5}.Debug|Any CPU.ActiveCfg = Debug|Any CPU
		{3E5E5571-982D-4BF0-881D-427B84B5C2A5}.Debug|Any CPU.Build.0 = Debug|Any CPU
		{3E5E5571-982D-4BF0-881D-427B84B5C2A5}.Release|Any CPU.ActiveCfg = Release|Any CPU
		{3E5E5571-982D-4BF0-881D-427B84B5C2A5}.Release|Any CPU.Build.0 = Release|Any CPU
		{8EBA9902-8743-4EB6-9D92-7F4264152C4F}.Debug|Any CPU.ActiveCfg = Debug|Any CPU
		{8EBA9902-8743-4EB6-9D92-7F4264152C4F}.Debug|Any CPU.Build.0 = Debug|Any CPU
		{8EBA9902-8743-4EB6-9D92-7F4264152C4F}.Release|Any CPU.ActiveCfg = Release|Any CPU
		{8EBA9902-8743-4EB6-9D92-7F4264152C4F}.Release|Any CPU.Build.0 = Release|Any CPU
		{66321441-98A4-4C92-8686-0035E72B10FB}.Debug|Any CPU.ActiveCfg = Debug|Any CPU
		{66321441-98A4-4C92-8686-0035E72B10FB}.Debug|Any CPU.Build.0 = Debug|Any CPU
		{66321441-98A4-4C92-8686-0035E72B10FB}.Release|Any CPU.ActiveCfg = Release|Any CPU
		{66321441-98A4-4C92-8686-0035E72B10FB}.Release|Any CPU.Build.0 = Release|Any CPU
		{E07CB53D-1DE4-46FE-ACF8-B7555A217862}.Debug|Any CPU.ActiveCfg = Debug|Any CPU
		{E07CB53D-1DE4-46FE-ACF8-B7555A217862}.Debug|Any CPU.Build.0 = Debug|Any CPU
		{E07CB53D-1DE4-46FE-ACF8-B7555A217862}.Release|Any CPU.ActiveCfg = Release|Any CPU
		{E07CB53D-1DE4-46FE-ACF8-B7555A217862}.Release|Any CPU.Build.0 = Release|Any CPU
		{DA546CB5-FEA9-4CDB-A6DC-F84F5CB0C95C}.Debug|Any CPU.ActiveCfg = Debug|Any CPU
		{DA546CB5-FEA9-4CDB-A6DC-F84F5CB0C95C}.Debug|Any CPU.Build.0 = Debug|Any CPU
		{DA546CB5-FEA9-4CDB-A6DC-F84F5CB0C95C}.Release|Any CPU.ActiveCfg = Release|Any CPU
		{DA546CB5-FEA9-4CDB-A6DC-F84F5CB0C95C}.Release|Any CPU.Build.0 = Release|Any CPU
		{653DDC6B-A44B-40B0-85AE-5CF06AC44D55}.Debug|Any CPU.ActiveCfg = Debug|Any CPU
		{653DDC6B-A44B-40B0-85AE-5CF06AC44D55}.Debug|Any CPU.Build.0 = Debug|Any CPU
		{653DDC6B-A44B-40B0-85AE-5CF06AC44D55}.Release|Any CPU.ActiveCfg = Release|Any CPU
		{653DDC6B-A44B-40B0-85AE-5CF06AC44D55}.Release|Any CPU.Build.0 = Release|Any CPU
		{53EEE268-D331-400E-B293-8BE8C38646AB}.Debug|Any CPU.ActiveCfg = Debug|Any CPU
		{53EEE268-D331-400E-B293-8BE8C38646AB}.Debug|Any CPU.Build.0 = Debug|Any CPU
		{53EEE268-D331-400E-B293-8BE8C38646AB}.Release|Any CPU.ActiveCfg = Release|Any CPU
		{53EEE268-D331-400E-B293-8BE8C38646AB}.Release|Any CPU.Build.0 = Release|Any CPU
		{16C89D8C-16A5-466E-AAB9-D9FFD9CCB4A8}.Debug|Any CPU.ActiveCfg = Debug|Any CPU
		{16C89D8C-16A5-466E-AAB9-D9FFD9CCB4A8}.Debug|Any CPU.Build.0 = Debug|Any CPU
		{16C89D8C-16A5-466E-AAB9-D9FFD9CCB4A8}.Release|Any CPU.ActiveCfg = Release|Any CPU
		{16C89D8C-16A5-466E-AAB9-D9FFD9CCB4A8}.Release|Any CPU.Build.0 = Release|Any CPU
		{5B620649-293F-4405-9347-943826A571F7}.Debug|Any CPU.ActiveCfg = Debug|Any CPU
		{5B620649-293F-4405-9347-943826A571F7}.Debug|Any CPU.Build.0 = Debug|Any CPU
		{5B620649-293F-4405-9347-943826A571F7}.Release|Any CPU.ActiveCfg = Release|Any CPU
		{5B620649-293F-4405-9347-943826A571F7}.Release|Any CPU.Build.0 = Release|Any CPU
		{C59F3D4C-B691-4EB2-BB88-DAC6D37B73F6}.Debug|Any CPU.ActiveCfg = Debug|Any CPU
		{C59F3D4C-B691-4EB2-BB88-DAC6D37B73F6}.Debug|Any CPU.Build.0 = Debug|Any CPU
		{C59F3D4C-B691-4EB2-BB88-DAC6D37B73F6}.Release|Any CPU.ActiveCfg = Release|Any CPU
		{C59F3D4C-B691-4EB2-BB88-DAC6D37B73F6}.Release|Any CPU.Build.0 = Release|Any CPU
		{ADCDFF83-E66A-450F-B1F5-0DE2BF0FC5D9}.Debug|Any CPU.ActiveCfg = Debug|Any CPU
		{ADCDFF83-E66A-450F-B1F5-0DE2BF0FC5D9}.Debug|Any CPU.Build.0 = Debug|Any CPU
		{ADCDFF83-E66A-450F-B1F5-0DE2BF0FC5D9}.Release|Any CPU.ActiveCfg = Release|Any CPU
		{ADCDFF83-E66A-450F-B1F5-0DE2BF0FC5D9}.Release|Any CPU.Build.0 = Release|Any CPU
		{1C79565C-C5A1-434E-B73A-8423320B74B2}.Debug|Any CPU.ActiveCfg = Debug|Any CPU
		{1C79565C-C5A1-434E-B73A-8423320B74B2}.Debug|Any CPU.Build.0 = Debug|Any CPU
		{1C79565C-C5A1-434E-B73A-8423320B74B2}.Release|Any CPU.ActiveCfg = Release|Any CPU
		{1C79565C-C5A1-434E-B73A-8423320B74B2}.Release|Any CPU.Build.0 = Release|Any CPU
	EndGlobalSection
	GlobalSection(SolutionProperties) = preSolution
		HideSolutionNode = FALSE
	EndGlobalSection
	GlobalSection(NestedProjects) = preSolution
		{B6D1E777-2FB2-4601-A2C3-9B25B31753C1} = {02EA681E-C7D8-13C7-8484-4AC65E1B71E8}
		{E790F52E-5BE2-43E4-B25F-FDCF8C1502FE} = {02EA681E-C7D8-13C7-8484-4AC65E1B71E8}
		{7C0A8EEA-18AB-4FB3-8961-3B8C29D0BF55} = {02EA681E-C7D8-13C7-8484-4AC65E1B71E8}
		{AD01311E-46EF-4B6C-98B9-EAF2033179F3} = {02EA681E-C7D8-13C7-8484-4AC65E1B71E8}
		{4A6CF029-198C-4CCA-9B16-CFA3AAC9AED1} = {0CF32C36-BCBE-47B5-8B72-744528868A51}
		{715E99FD-CA10-4397-9670-1F2F4A3B514A} = {0CF32C36-BCBE-47B5-8B72-744528868A51}
		{2AC20D48-EA4C-40DA-817D-8ABEA9B938FE} = {0CF32C36-BCBE-47B5-8B72-744528868A51}
		{F429FA15-E275-4355-BB77-6AFD6E316736} = {0CF32C36-BCBE-47B5-8B72-744528868A51}
		{7365A4E0-F2D5-43F2-84F3-B0328DC9AD7A} = {82523883-4D24-4061-AEEF-C83AF05B4D69}
		{AA79D4BF-3B63-4A4F-A0D5-40CA554D4507} = {82523883-4D24-4061-AEEF-C83AF05B4D69}
		{3B58C1B1-55BF-40E7-8954-09086F4CF2F5} = {82523883-4D24-4061-AEEF-C83AF05B4D69}
		{CE6A2505-0061-4DBD-9BC1-40175BF52C15} = {82523883-4D24-4061-AEEF-C83AF05B4D69}
		{CAB76106-1247-4216-83E7-510824A2AFD3} = {1B800E94-D94C-42B0-AFE8-A24F824A1453}
		{A5E613DD-4F6A-4580-BC4F-67C108BB3803} = {1B800E94-D94C-42B0-AFE8-A24F824A1453}
		{6CD9A3F4-14F4-4EA2-98E4-C501D0C4DD19} = {1B800E94-D94C-42B0-AFE8-A24F824A1453}
		{A6BFFC84-FCDD-4CDF-9B1D-30C42D860B2D} = {1B800E94-D94C-42B0-AFE8-A24F824A1453}
		{A64223BC-B792-43F5-BA01-4F87027E58C3} = {B93C29B5-F591-412D-98A2-3A174BDFEE32}
		{0826B87F-099C-478B-9B61-BEE34C95A341} = {B93C29B5-F591-412D-98A2-3A174BDFEE32}
		{EC5721B3-0253-497A-988B-7E01836574C9} = {B93C29B5-F591-412D-98A2-3A174BDFEE32}
		{369AA1D7-5E9E-4928-93D1-95C9ECED66CA} = {B93C29B5-F591-412D-98A2-3A174BDFEE32}
		{ED6551A2-C1E9-4A99-9686-8BD679943091} = {12F7306D-DA9D-4305-BEB9-6AC6F62C7F9E}
		{6C79E8C4-AFD7-4886-9336-7CCD65B8DD7E} = {12F7306D-DA9D-4305-BEB9-6AC6F62C7F9E}
		{A5D88192-730D-4DA0-ACF8-F8BD026533BA} = {12F7306D-DA9D-4305-BEB9-6AC6F62C7F9E}
		{E0BC1445-1C73-4B1D-9F30-2A0976F5613C} = {12F7306D-DA9D-4305-BEB9-6AC6F62C7F9E}
		{4B0281E1-E74B-4CEE-9DFB-D9FF25600190} = {2899E18C-C16E-4BBD-B00B-7DA94C1B2B94}
		{3CFF2438-8B78-481C-BB32-A17931754CED} = {B7F0F9F3-169F-460D-93DF-F2ECF25DE173}
		{14B4294A-2D45-44F3-9F8A-D5AF3B5DAA02} = {2970EE4E-0124-4F6F-BBB6-9EAAE5EE3CBD}
		{6284964F-36CE-417A-926B-3F227517B813} = {5B1B6077-F6D3-4B69-8EB7-48684A1A2328}
		{1D136E1E-B0DD-44FE-B9FE-58DFDD2625EC} = {DC1BFE39-7054-45C8-8992-3D27B5E7A942}
		{E34146F5-66E1-4FA6-A116-6613C68B4BC4} = {3D6C09B1-F317-41BE-A1E0-A34D4B519BCD}
		{5B160B59-0DAF-4AB9-9734-A9168DCEAB52} = {E87AA06D-0592-4ED3-B499-D31E81DFEE7D}
		{8FBBD7B0-D113-4A90-BD79-5F15BDC9E501} = {815E2DC2-640E-4A0E-8259-4ED3031438C6}
		{3C12DC37-5589-4DD8-A172-797A84A7E437} = {CA4819B9-FC3E-4156-9C97-D9365DDEE78E}
		{E7B90C78-ADC9-4C31-A2F2-1E4DAAC01156} = {E87AA06D-0592-4ED3-B499-D31E81DFEE7D}
		{97A38A8F-DCEB-4DBA-8E63-24FCE169EB4D} = {E87AA06D-0592-4ED3-B499-D31E81DFEE7D}
		{ED75E9DD-360D-4EE7-8CA6-96EE76E69D64} = {E87AA06D-0592-4ED3-B499-D31E81DFEE7D}
		{95AB65DF-D4FB-4DDE-BEEC-94DECE1C373E} = {5B1B6077-F6D3-4B69-8EB7-48684A1A2328}
		{0090B477-5DF6-456E-9BCD-83ADFE528C9A} = {5B1B6077-F6D3-4B69-8EB7-48684A1A2328}
		{67BDD46B-D8E4-404E-A12C-332577233369} = {5B1B6077-F6D3-4B69-8EB7-48684A1A2328}
		{F753CA67-514F-498A-AE2B-AD3AB324C734} = {2899E18C-C16E-4BBD-B00B-7DA94C1B2B94}
		{8E387114-6744-4BAE-A233-C35AB0393510} = {2899E18C-C16E-4BBD-B00B-7DA94C1B2B94}
		{66B575D2-06EC-412C-8AFE-8A383B6DB581} = {2899E18C-C16E-4BBD-B00B-7DA94C1B2B94}
		{0EF5C07F-7216-4E4E-AC7E-F974BF550269} = {DC1BFE39-7054-45C8-8992-3D27B5E7A942}
		{525C86B9-4D7A-436E-ADBA-8F20B7B83D6A} = {DC1BFE39-7054-45C8-8992-3D27B5E7A942}
		{93987FCC-5F2A-4B06-BE9D-677B0B7A058D} = {DC1BFE39-7054-45C8-8992-3D27B5E7A942}
		{280942E1-28CE-445B-BF23-AD1F7EF5C7A7} = {815E2DC2-640E-4A0E-8259-4ED3031438C6}
		{96BB8163-482C-4791-8ABD-A154FBDB4195} = {815E2DC2-640E-4A0E-8259-4ED3031438C6}
		{18CFA054-54C3-40A7-960D-21A3C78247D9} = {815E2DC2-640E-4A0E-8259-4ED3031438C6}
		{FBA8E4AE-3407-4512-BE66-0EDD285A671A} = {CA4819B9-FC3E-4156-9C97-D9365DDEE78E}
		{6D9265DE-90DB-441F-B1FA-648A9613F1A8} = {CA4819B9-FC3E-4156-9C97-D9365DDEE78E}
		{328ADF6B-762C-44CE-BE55-FE37A897E805} = {CA4819B9-FC3E-4156-9C97-D9365DDEE78E}
		{57995133-0796-47D5-859C-824F31B5D686} = {3D6C09B1-F317-41BE-A1E0-A34D4B519BCD}
		{3E5E5571-982D-4BF0-881D-427B84B5C2A5} = {3D6C09B1-F317-41BE-A1E0-A34D4B519BCD}
		{8EBA9902-8743-4EB6-9D92-7F4264152C4F} = {3D6C09B1-F317-41BE-A1E0-A34D4B519BCD}
		{66321441-98A4-4C92-8686-0035E72B10FB} = {B7F0F9F3-169F-460D-93DF-F2ECF25DE173}
		{E07CB53D-1DE4-46FE-ACF8-B7555A217862} = {B7F0F9F3-169F-460D-93DF-F2ECF25DE173}
		{DA546CB5-FEA9-4CDB-A6DC-F84F5CB0C95C} = {B7F0F9F3-169F-460D-93DF-F2ECF25DE173}
		{653DDC6B-A44B-40B0-85AE-5CF06AC44D55} = {2970EE4E-0124-4F6F-BBB6-9EAAE5EE3CBD}
		{53EEE268-D331-400E-B293-8BE8C38646AB} = {2970EE4E-0124-4F6F-BBB6-9EAAE5EE3CBD}
		{16C89D8C-16A5-466E-AAB9-D9FFD9CCB4A8} = {2970EE4E-0124-4F6F-BBB6-9EAAE5EE3CBD}
		{5B620649-293F-4405-9347-943826A571F7} = {BB9342C0-CB36-41A0-90D2-3A96AFE0E79F}
		{C59F3D4C-B691-4EB2-BB88-DAC6D37B73F6} = {BB9342C0-CB36-41A0-90D2-3A96AFE0E79F}
		{ADCDFF83-E66A-450F-B1F5-0DE2BF0FC5D9} = {BB9342C0-CB36-41A0-90D2-3A96AFE0E79F}
		{1C79565C-C5A1-434E-B73A-8423320B74B2} = {BB9342C0-CB36-41A0-90D2-3A96AFE0E79F}
	EndGlobalSection
	GlobalSection(ExtensibilityGlobals) = postSolution
		SolutionGuid = {83A20F83-6FD5-472F-8243-13DB500AC41B}
	EndGlobalSection
EndGlobal
